{
  "requires": true,
  "lockfileVersion": 1,
  "dependencies": {
    "bootstrap": {
      "version": "4.4.1",
      "resolved": "https://registry.npmjs.org/bootstrap/-/bootstrap-4.4.1.tgz",
      "integrity": "sha512-tbx5cHubwE6e2ZG7nqM3g/FZ5PQEDMWmMGNrCUBVRPHXTJaH7CBDdsLeu3eCh3B1tzAxTnAbtmrzvWEvT2NNEA=="
    },
    "font": {
      "version": "0.0.4",
      "resolved": "https://registry.npmjs.org/font/-/font-0.0.4.tgz",
      "integrity": "sha1-XVzmkedn4cLcwvUXP513BNxZEg4=",
      "requires": {
        "reified": "~0.2.4"
      }
    },
    "reified": {
      "version": "0.2.4",
      "resolved": "https://registry.npmjs.org/reified/-/reified-0.2.4.tgz",
      "integrity": "sha1-voqRe1otw2obFvsiqb6+siWGdoI="
    }
  }
}
